
Microsoft Visual Studio Solution File, Format Version 12.00
# Visual Studio Version 16
VisualStudioVersion = 16.0.29102.190
MinimumVisualStudioVersion = 10.0.40219.1
Project("{9A19103F-16F7-4668-BE54-9A1E7A4F7556}") = "JianShen.Bee.ConsoleTest", "JianShen.Bee.ConsoleTest\JianShen.Bee.ConsoleTest.csproj", "{6E59F844-0B44-48E1-975C-CFC503A52108}"
EndProject
Project("{9A19103F-16F7-4668-BE54-9A1E7A4F7556}") = "JianShen.Bee.WebOptionsBindSample", "JianShen.Bee.WebOptionsBindSample\JianShen.Bee.WebOptionsBindSample.csproj", "{20D84909-86AF-4D5E-A9F8-79F64F256DFE}"
EndProject
Project("{FAE04EC0-301F-11D3-BF4B-00C04F79EFBC}") = "JianShen.Bee.MvcCookieAuthStudy", "..\JianShen.Bee.MvcCookieAuthStudy\JianShen.Bee.MvcCookieAuthStudy.csproj", "{57B13473-70C1-4A74-B479-1B652B9883CB}"
EndProject
Global
	GlobalSection(SolutionConfigurationPlatforms) = preSolution
		Debug|Any CPU = Debug|Any CPU
		Release|Any CPU = Release|Any CPU
	EndGlobalSection
	GlobalSection(ProjectConfigurationPlatforms) = postSolution
		{6E59F844-0B44-48E1-975C-CFC503A52108}.Debug|Any CPU.ActiveCfg = Debug|Any CPU
		{6E59F844-0B44-48E1-975C-CFC503A52108}.Debug|Any CPU.Build.0 = Debug|Any CPU
		{6E59F844-0B44-48E1-975C-CFC503A52108}.Release|Any CPU.ActiveCfg = Release|Any CPU
		{6E59F844-0B44-48E1-975C-CFC503A52108}.Release|Any CPU.Build.0 = Release|Any CPU
		{20D84909-86AF-4D5E-A9F8-79F64F256DFE}.Debug|Any CPU.ActiveCfg = Debug|Any CPU
		{20D84909-86AF-4D5E-A9F8-79F64F256DFE}.Debug|Any CPU.Build.0 = Debug|Any CPU
		{20D84909-86AF-4D5E-A9F8-79F64F256DFE}.Release|Any CPU.ActiveCfg = Release|Any CPU
		{20D84909-86AF-4D5E-A9F8-79F64F256DFE}.Release|Any CPU.Build.0 = Release|Any CPU
		{57B13473-70C1-4A74-B479-1B652B9883CB}.Debug|Any CPU.ActiveCfg = Debug|Any CPU
		{57B13473-70C1-4A74-B479-1B652B9883CB}.Debug|Any CPU.Build.0 = Debug|Any CPU
		{57B13473-70C1-4A74-B479-1B652B9883CB}.Release|Any CPU.ActiveCfg = Release|Any CPU
		{57B13473-70C1-4A74-B479-1B652B9883CB}.Release|Any CPU.Build.0 = Release|Any CPU
	EndGlobalSection
	GlobalSection(SolutionProperties) = preSolution
		HideSolutionNode = FALSE
	EndGlobalSection
	GlobalSection(ExtensibilityGlobals) = postSolution
		SolutionGuid = {ACEF7B2F-02FF-4DE8-A380-D5EEB392102E}
	EndGlobalSection
EndGlobal
