
Microsoft Visual Studio Solution File, Format Version 12.00
# Visual Studio 15
VisualStudioVersion = 15.0.28307.489
MinimumVisualStudioVersion = 10.0.40219.1
Project("{888888A0-9F3D-457C-B088-3A5042F75D52}") = "PythonApp", "PythonApp\PythonApp.pyproj", "{FA122B38-FA64-4D3F-B578-4A839753413E}"
EndProject
Project("{888888A0-9F3D-457C-B088-3A5042F75D52}") = "DjangoWeb", "DjangoWeb\DjangoWeb.pyproj", "{1A93F396-F734-4AA5-B694-46502BBF3938}"
EndProject
Project("{888888A0-9F3D-457C-B088-3A5042F75D52}") = "ScrapyApp", "ScrapyApp\ScrapyApp.pyproj", "{EFB67928-26F7-4EBE-81F7-BFCC2A45A790}"
EndProject
Project("{888888A0-9F3D-457C-B088-3A5042F75D52}") = "Tencent", "Tencent\Tencent.pyproj", "{74E94F7C-E537-42DD-9B37-6B9BB5EA10C2}"
EndProject
Project("{888888A0-9F3D-457C-B088-3A5042F75D52}") = "movie", "movie\movie.pyproj", "{F38B7BB0-8102-40A4-B6FC-842E12F88457}"
EndProject
Project("{888888A0-9F3D-457C-B088-3A5042F75D52}") = "pic", "pic\pic.pyproj", "{11CB6A94-E5CD-41AA-A9BB-1AAD5FB06583}"
EndProject
Global
	GlobalSection(SolutionConfigurationPlatforms) = preSolution
		Debug|Any CPU = Debug|Any CPU
		Release|Any CPU = Release|Any CPU
	EndGlobalSection
	GlobalSection(ProjectConfigurationPlatforms) = postSolution
		{FA122B38-FA64-4D3F-B578-4A839753413E}.Debug|Any CPU.ActiveCfg = Debug|Any CPU
		{FA122B38-FA64-4D3F-B578-4A839753413E}.Release|Any CPU.ActiveCfg = Release|Any CPU
		{1A93F396-F734-4AA5-B694-46502BBF3938}.Debug|Any CPU.ActiveCfg = Debug|Any CPU
		{1A93F396-F734-4AA5-B694-46502BBF3938}.Debug|Any CPU.Build.0 = Debug|Any CPU
		{1A93F396-F734-4AA5-B694-46502BBF3938}.Release|Any CPU.ActiveCfg = Release|Any CPU
		{1A93F396-F734-4AA5-B694-46502BBF3938}.Release|Any CPU.Build.0 = Release|Any CPU
		{EFB67928-26F7-4EBE-81F7-BFCC2A45A790}.Debug|Any CPU.ActiveCfg = Debug|Any CPU
		{EFB67928-26F7-4EBE-81F7-BFCC2A45A790}.Release|Any CPU.ActiveCfg = Release|Any CPU
		{74E94F7C-E537-42DD-9B37-6B9BB5EA10C2}.Debug|Any CPU.ActiveCfg = Debug|Any CPU
		{74E94F7C-E537-42DD-9B37-6B9BB5EA10C2}.Release|Any CPU.ActiveCfg = Release|Any CPU
		{F38B7BB0-8102-40A4-B6FC-842E12F88457}.Debug|Any CPU.ActiveCfg = Debug|Any CPU
		{F38B7BB0-8102-40A4-B6FC-842E12F88457}.Release|Any CPU.ActiveCfg = Release|Any CPU
		{11CB6A94-E5CD-41AA-A9BB-1AAD5FB06583}.Debug|Any CPU.ActiveCfg = Debug|Any CPU
		{11CB6A94-E5CD-41AA-A9BB-1AAD5FB06583}.Release|Any CPU.ActiveCfg = Release|Any CPU
	EndGlobalSection
	GlobalSection(SolutionProperties) = preSolution
		HideSolutionNode = FALSE
	EndGlobalSection
	GlobalSection(ExtensibilityGlobals) = postSolution
		SolutionGuid = {F450E99E-3B8A-44FD-ABB1-2A586D2BBAFE}
	EndGlobalSection
EndGlobal
